
Microsoft Visual Studio Solution File, Format Version 12.00
# Visual Studio 14
VisualStudioVersion = 14.0.25420.1
MinimumVisualStudioVersion = 10.0.40219.1
Project("{FAE04EC0-301F-11D3-BF4B-00C04F79EFBC}") = "WorkSchedule.System", "Reporting\WorkSchedule.System.csproj", "{AE0FDDDA-D938-4CC7-8107-0F7FFD0DE188}"
EndProject
Project("{FAE04EC0-301F-11D3-BF4B-00C04F79EFBC}") = "WorkSchedule.Data", "WorkSchedule.Data\WorkSchedule.Data.csproj", "{FF8D8961-FEF3-40A1-A488-7627B744C1CA}"
EndProject
Project("{E24C65DC-7377-472B-9ABA-BC803B73C61A}") = "WSWebsite(1)", "Website\WSWebsite\", "{A20AFAF0-077A-4C81-839A-6A77C0957CD4}"
	ProjectSection(WebsiteProperties) = preProject
		TargetFrameworkMoniker = ".NETFramework,Version%3Dv4.5.2"
		ProjectReferences = "{ae0fddda-d938-4cc7-8107-0f7ffd0de188}|WorkSchedule.System.dll;{FF8D8961-FEF3-40A1-A488-7627B744C1CA}|WorkSchedule.Data.dll;"
		Debug.AspNetCompiler.VirtualPath = "/localhost_50576"
		Debug.AspNetCompiler.PhysicalPath = "Website\WSWebsite\"
		Debug.AspNetCompiler.TargetPath = "PrecompiledWeb\localhost_50576\"
		Debug.AspNetCompiler.Updateable = "true"
		Debug.AspNetCompiler.ForceOverwrite = "true"
		Debug.AspNetCompiler.FixedNames = "false"
		Debug.AspNetCompiler.Debug = "True"
		Release.AspNetCompiler.VirtualPath = "/localhost_50576"
		Release.AspNetCompiler.PhysicalPath = "Website\WSWebsite\"
		Release.AspNetCompiler.TargetPath = "PrecompiledWeb\localhost_50576\"
		Release.AspNetCompiler.Updateable = "true"
		Release.AspNetCompiler.ForceOverwrite = "true"
		Release.AspNetCompiler.FixedNames = "false"
		Release.AspNetCompiler.Debug = "False"
		VWDPort = "50576"
		SlnRelativePath = "Website\WSWebsite\"
		DefaultWebSiteLanguage = "Visual Basic"
	EndProjectSection
EndProject
Global
	GlobalSection(SolutionConfigurationPlatforms) = preSolution
		Debug|Any CPU = Debug|Any CPU
		Release|Any CPU = Release|Any CPU
	EndGlobalSection
	GlobalSection(ProjectConfigurationPlatforms) = postSolution
		{AE0FDDDA-D938-4CC7-8107-0F7FFD0DE188}.Debug|Any CPU.ActiveCfg = Debug|Any CPU
		{AE0FDDDA-D938-4CC7-8107-0F7FFD0DE188}.Debug|Any CPU.Build.0 = Debug|Any CPU
		{AE0FDDDA-D938-4CC7-8107-0F7FFD0DE188}.Release|Any CPU.ActiveCfg = Release|Any CPU
		{AE0FDDDA-D938-4CC7-8107-0F7FFD0DE188}.Release|Any CPU.Build.0 = Release|Any CPU
		{FF8D8961-FEF3-40A1-A488-7627B744C1CA}.Debug|Any CPU.ActiveCfg = Debug|Any CPU
		{FF8D8961-FEF3-40A1-A488-7627B744C1CA}.Debug|Any CPU.Build.0 = Debug|Any CPU
		{FF8D8961-FEF3-40A1-A488-7627B744C1CA}.Release|Any CPU.ActiveCfg = Release|Any CPU
		{FF8D8961-FEF3-40A1-A488-7627B744C1CA}.Release|Any CPU.Build.0 = Release|Any CPU
		{A20AFAF0-077A-4C81-839A-6A77C0957CD4}.Debug|Any CPU.ActiveCfg = Debug|Any CPU
		{A20AFAF0-077A-4C81-839A-6A77C0957CD4}.Debug|Any CPU.Build.0 = Debug|Any CPU
		{A20AFAF0-077A-4C81-839A-6A77C0957CD4}.Release|Any CPU.ActiveCfg = Debug|Any CPU
		{A20AFAF0-077A-4C81-839A-6A77C0957CD4}.Release|Any CPU.Build.0 = Debug|Any CPU
	EndGlobalSection
	GlobalSection(SolutionProperties) = preSolution
		HideSolutionNode = FALSE
	EndGlobalSection
EndGlobal
